{
  "name": "marcos-web-audit",
  "version": "3.0.0",
  "lockfileVersion": 3,
  "requires": true,
  "packages": {
    "": {
      "name": "marcos-web-audit",
      "version": "3.0.0",
      "license": "MIT",
      "bin": {
        "marcos-audit": "src/cli.js",
        "web-audit": "src/cli.js"
      },
      "engines": {
        "node": ">=20"
      }
    }
  }
}
